
Microsoft Visual Studio Solution File, Format Version 12.00
# Visual Studio Version 16
VisualStudioVersion = 16.0.30709.132
MinimumVisualStudioVersion = 10.0.40219.1
Project("{FAE04EC0-301F-11D3-BF4B-00C04F79EFBC}") = "Spango_Kitchen", "Spango_Kitchen\Spango_Kitchen.csproj", "{1511FB55-E338-47E8-86B5-13DD15A736A6}"
EndProject
Global
	GlobalSection(SolutionConfigurationPlatforms) = preSolution
		Debug|Any CPU = Debug|Any CPU
		Release|Any CPU = Release|Any CPU
	EndGlobalSection
	GlobalSection(ProjectConfigurationPlatforms) = postSolution
		{1511FB55-E338-47E8-86B5-13DD15A736A6}.Debug|Any CPU.ActiveCfg = Debug|Any CPU
		{1511FB55-E338-47E8-86B5-13DD15A736A6}.Debug|Any CPU.Build.0 = Debug|Any CPU
		{1511FB55-E338-47E8-86B5-13DD15A736A6}.Release|Any CPU.ActiveCfg = Release|Any CPU
		{1511FB55-E338-47E8-86B5-13DD15A736A6}.Release|Any CPU.Build.0 = Release|Any CPU
	EndGlobalSection
	GlobalSection(SolutionProperties) = preSolution
		HideSolutionNode = FALSE
	EndGlobalSection
	GlobalSection(ExtensibilityGlobals) = postSolution
		SolutionGuid = {7C150CCE-F54B-4F56-94CE-E8EE9D5788A2}
	EndGlobalSection
EndGlobal
